// !$*UTF8*$!
{
	archiveVersion = 1;
	classes = {
	};
	objectVersion = 46;
	objects = {

/* Begin PBXBuildFile section */
		113D84F176A80C70F31958A6 /* Pods_LYFactAppCommon_Example.framework in Frameworks */ = {isa = PBXBuildFile; fileRef = 3EFC8A72853ED6226945FF11 /* Pods_LYFactAppCommon_Example.framework */; };
		6003F58E195388D20070C39A /* Foundation.framework in Frameworks */ = {isa = PBXBuildFile; fileRef = 6003F58D195388D20070C39A /* Foundation.framework */; };
		6003F590195388D20070C39A /* CoreGraphics.framework in Frameworks */ = {isa = PBXBuildFile; fileRef = 6003F58F195388D20070C39A /* CoreGraphics.framework */; };
		6003F592195388D20070C39A /* UIKit.framework in Frameworks */ = {isa = PBXBuildFile; fileRef = 6003F591195388D20070C39A /* UIKit.framework */; };
		6003F598195388D20070C39A /* InfoPlist.strings in Resources */ = {isa = PBXBuildFile; fileRef = 6003F596195388D20070C39A /* InfoPlist.strings */; };
		6003F59A195388D20070C39A /* main.m in Sources */ = {isa = PBXBuildFile; fileRef = 6003F599195388D20070C39A /* main.m */; };
		6003F59E195388D20070C39A /* LYAppDelegate.m in Sources */ = {isa = PBXBuildFile; fileRef = 6003F59D195388D20070C39A /* LYAppDelegate.m */; };
		6003F5A9195388D20070C39A /* Images.xcassets in Resources */ = {isa = PBXBuildFile; fileRef = 6003F5A8195388D20070C39A /* Images.xcassets */; };
		71719F9F1E33DC2100824A3D /* LaunchScreen.storyboard in Resources */ = {isa = PBXBuildFile; fileRef = 71719F9D1E33DC2100824A3D /* LaunchScreen.storyboard */; };
		89A25D972775631100151446 /* MainViewController.m in Sources */ = {isa = PBXBuildFile; fileRef = 89A25D952775631100151446 /* MainViewController.m */; };
		89A25D982775631100151446 /* MainViewController.xib in Resources */ = {isa = PBXBuildFile; fileRef = 89A25D962775631100151446 /* MainViewController.xib */; };
		89A25D9C2775681900151446 /* LightShowNavVC.m in Sources */ = {isa = PBXBuildFile; fileRef = 89A25D9B2775681900151446 /* LightShowNavVC.m */; };
		89A25D9F2775683900151446 /* LightHiddenVC.m in Sources */ = {isa = PBXBuildFile; fileRef = 89A25D9E2775683900151446 /* LightHiddenVC.m */; };
		89A25DA22775686000151446 /* DarkHiddenVC.m in Sources */ = {isa = PBXBuildFile; fileRef = 89A25DA12775686000151446 /* DarkHiddenVC.m */; };
		89A25DA52775687700151446 /* DarkShowNavVC.m in Sources */ = {isa = PBXBuildFile; fileRef = 89A25DA42775687700151446 /* DarkShowNavVC.m */; };
		FCB8AEA52701E3CC00995B08 /* LYCollectViewController.m in Sources */ = {isa = PBXBuildFile; fileRef = FCB8AE9D2701E3CC00995B08 /* LYCollectViewController.m */; };
		FCB8AEA62701E3CC00995B08 /* LYViewController.m in Sources */ = {isa = PBXBuildFile; fileRef = FCB8AEA12701E3CC00995B08 /* LYViewController.m */; };
		FCB8AEA72701E3CC00995B08 /* LYTableViewController.m in Sources */ = {isa = PBXBuildFile; fileRef = FCB8AEA32701E3CC00995B08 /* LYTableViewController.m */; };
/* End PBXBuildFile section */

/* Begin PBXFileReference section */
		3EFC8A72853ED6226945FF11 /* Pods_LYFactAppCommon_Example.framework */ = {isa = PBXFileReference; explicitFileType = wrapper.framework; includeInIndex = 0; path = Pods_LYFactAppCommon_Example.framework; sourceTree = BUILT_PRODUCTS_DIR; };
		56166E1C838E58EE73C7557D /* README.md */ = {isa = PBXFileReference; includeInIndex = 1; lastKnownFileType = net.daringfireball.markdown; name = README.md; path = ../README.md; sourceTree = "<group>"; };
		6003F58A195388D20070C39A /* LYFactAppCommon_Example.app */ = {isa = PBXFileReference; explicitFileType = wrapper.application; includeInIndex = 0; path = LYFactAppCommon_Example.app; sourceTree = BUILT_PRODUCTS_DIR; };
		6003F58D195388D20070C39A /* Foundation.framework */ = {isa = PBXFileReference; lastKnownFileType = wrapper.framework; name = Foundation.framework; path = System/Library/Frameworks/Foundation.framework; sourceTree = SDKROOT; };
		6003F58F195388D20070C39A /* CoreGraphics.framework */ = {isa = PBXFileReference; lastKnownFileType = wrapper.framework; name = CoreGraphics.framework; path = System/Library/Frameworks/CoreGraphics.framework; sourceTree = SDKROOT; };
		6003F591195388D20070C39A /* UIKit.framework */ = {isa = PBXFileReference; lastKnownFileType = wrapper.framework; name = UIKit.framework; path = System/Library/Frameworks/UIKit.framework; sourceTree = SDKROOT; };
		6003F595195388D20070C39A /* LYFactAppCommon-Info.plist */ = {isa = PBXFileReference; lastKnownFileType = text.plist.xml; path = "LYFactAppCommon-Info.plist"; sourceTree = "<group>"; };
		6003F597195388D20070C39A /* en */ = {isa = PBXFileReference; lastKnownFileType = text.plist.strings; name = en; path = en.lproj/InfoPlist.strings; sourceTree = "<group>"; };
		6003F599195388D20070C39A /* main.m */ = {isa = PBXFileReference; lastKnownFileType = sourcecode.c.objc; path = main.m; sourceTree = "<group>"; };
		6003F59B195388D20070C39A /* LYFactAppCommon-Prefix.pch */ = {isa = PBXFileReference; lastKnownFileType = sourcecode.c.h; path = "LYFactAppCommon-Prefix.pch"; sourceTree = "<group>"; };
		6003F59C195388D20070C39A /* LYAppDelegate.h */ = {isa = PBXFileReference; lastKnownFileType = sourcecode.c.h; path = LYAppDelegate.h; sourceTree = "<group>"; };
		6003F59D195388D20070C39A /* LYAppDelegate.m */ = {isa = PBXFileReference; lastKnownFileType = sourcecode.c.objc; path = LYAppDelegate.m; sourceTree = "<group>"; };
		6003F5A8195388D20070C39A /* Images.xcassets */ = {isa = PBXFileReference; lastKnownFileType = folder.assetcatalog; path = Images.xcassets; sourceTree = "<group>"; };
		6418149BA32F211A4097EB3C /* LICENSE */ = {isa = PBXFileReference; includeInIndex = 1; lastKnownFileType = text; name = LICENSE; path = ../LICENSE; sourceTree = "<group>"; };
		70B72525A47B7500FDF791BC /* Pods-LYFactAppCommon_Example.debug.xcconfig */ = {isa = PBXFileReference; includeInIndex = 1; lastKnownFileType = text.xcconfig; name = "Pods-LYFactAppCommon_Example.debug.xcconfig"; path = "Pods/Target Support Files/Pods-LYFactAppCommon_Example/Pods-LYFactAppCommon_Example.debug.xcconfig"; sourceTree = "<group>"; };
		71719F9E1E33DC2100824A3D /* Base */ = {isa = PBXFileReference; lastKnownFileType = file.storyboard; name = Base; path = Base.lproj/LaunchScreen.storyboard; sourceTree = "<group>"; };
		89A25D942775631100151446 /* MainViewController.h */ = {isa = PBXFileReference; lastKnownFileType = sourcecode.c.h; path = MainViewController.h; sourceTree = "<group>"; };
		89A25D952775631100151446 /* MainViewController.m */ = {isa = PBXFileReference; lastKnownFileType = sourcecode.c.objc; path = MainViewController.m; sourceTree = "<group>"; };
		89A25D962775631100151446 /* MainViewController.xib */ = {isa = PBXFileReference; lastKnownFileType = file.xib; path = MainViewController.xib; sourceTree = "<group>"; };
		89A25D9A2775681900151446 /* LightShowNavVC.h */ = {isa = PBXFileReference; lastKnownFileType = sourcecode.c.h; path = LightShowNavVC.h; sourceTree = "<group>"; };
		89A25D9B2775681900151446 /* LightShowNavVC.m */ = {isa = PBXFileReference; lastKnownFileType = sourcecode.c.objc; path = LightShowNavVC.m; sourceTree = "<group>"; };
		89A25D9D2775683900151446 /* LightHiddenVC.h */ = {isa = PBXFileReference; lastKnownFileType = sourcecode.c.h; path = LightHiddenVC.h; sourceTree = "<group>"; };
		89A25D9E2775683900151446 /* LightHiddenVC.m */ = {isa = PBXFileReference; lastKnownFileType = sourcecode.c.objc; path = LightHiddenVC.m; sourceTree = "<group>"; };
		89A25DA02775686000151446 /* DarkHiddenVC.h */ = {isa = PBXFileReference; lastKnownFileType = sourcecode.c.h; path = DarkHiddenVC.h; sourceTree = "<group>"; };
		89A25DA12775686000151446 /* DarkHiddenVC.m */ = {isa = PBXFileReference; lastKnownFileType = sourcecode.c.objc; path = DarkHiddenVC.m; sourceTree = "<group>"; };
		89A25DA32775687700151446 /* DarkShowNavVC.h */ = {isa = PBXFileReference; lastKnownFileType = sourcecode.c.h; path = DarkShowNavVC.h; sourceTree = "<group>"; };
		89A25DA42775687700151446 /* DarkShowNavVC.m */ = {isa = PBXFileReference; lastKnownFileType = sourcecode.c.objc; path = DarkShowNavVC.m; sourceTree = "<group>"; };
		AEBBFCDC2D89CB1920089621 /* LYFactAppCommon.podspec */ = {isa = PBXFileReference; includeInIndex = 1; lastKnownFileType = text; name = LYFactAppCommon.podspec; path = ../LYFactAppCommon.podspec; sourceTree = "<group>"; xcLanguageSpecificationIdentifier = xcode.lang.ruby; };
		D6F76956D4513500FB7965B0 /* Pods-LYFactAppCommon_Example.release.xcconfig */ = {isa = PBXFileReference; includeInIndex = 1; lastKnownFileType = text.xcconfig; name = "Pods-LYFactAppCommon_Example.release.xcconfig"; path = "Pods/Target Support Files/Pods-LYFactAppCommon_Example/Pods-LYFactAppCommon_Example.release.xcconfig"; sourceTree = "<group>"; };
		FCB8AE9D2701E3CC00995B08 /* LYCollectViewController.m */ = {isa = PBXFileReference; fileEncoding = 4; lastKnownFileType = sourcecode.c.objc; path = LYCollectViewController.m; sourceTree = "<group>"; };
		FCB8AE9E2701E3CC00995B08 /* LYCollectViewController.h */ = {isa = PBXFileReference; fileEncoding = 4; lastKnownFileType = sourcecode.c.h; path = LYCollectViewController.h; sourceTree = "<group>"; };
		FCB8AEA02701E3CC00995B08 /* LYViewController.h */ = {isa = PBXFileReference; fileEncoding = 4; lastKnownFileType = sourcecode.c.h; path = LYViewController.h; sourceTree = "<group>"; };
		FCB8AEA12701E3CC00995B08 /* LYViewController.m */ = {isa = PBXFileReference; fileEncoding = 4; lastKnownFileType = sourcecode.c.objc; path = LYViewController.m; sourceTree = "<group>"; };
		FCB8AEA32701E3CC00995B08 /* LYTableViewController.m */ = {isa = PBXFileReference; fileEncoding = 4; lastKnownFileType = sourcecode.c.objc; path = LYTableViewController.m; sourceTree = "<group>"; };
		FCB8AEA42701E3CC00995B08 /* LYTableViewController.h */ = {isa = PBXFileReference; fileEncoding = 4; lastKnownFileType = sourcecode.c.h; path = LYTableViewController.h; sourceTree = "<group>"; };
/* End PBXFileReference section */

/* Begin PBXFrameworksBuildPhase section */
		6003F587195388D20070C39A /* Frameworks */ = {
			isa = PBXFrameworksBuildPhase;
			buildActionMask = 2147483647;
			files = (
				6003F590195388D20070C39A /* CoreGraphics.framework in Frameworks */,
				6003F592195388D20070C39A /* UIKit.framework in Frameworks */,
				6003F58E195388D20070C39A /* Foundation.framework in Frameworks */,
				113D84F176A80C70F31958A6 /* Pods_LYFactAppCommon_Example.framework in Frameworks */,
			);
			runOnlyForDeploymentPostprocessing = 0;
		};
/* End PBXFrameworksBuildPhase section */

/* Begin PBXGroup section */
		0C340ED377C12C42F969B43D /* Pods */ = {
			isa = PBXGroup;
			children = (
				70B72525A47B7500FDF791BC /* Pods-LYFactAppCommon_Example.debug.xcconfig */,
				D6F76956D4513500FB7965B0 /* Pods-LYFactAppCommon_Example.release.xcconfig */,
			);
			name = Pods;
			sourceTree = "<group>";
		};
		6003F581195388D10070C39A = {
			isa = PBXGroup;
			children = (
				60FF7A9C1954A5C5007DD14C /* Podspec Metadata */,
				6003F593195388D20070C39A /* Example for LYFactAppCommon */,
				6003F58C195388D20070C39A /* Frameworks */,
				6003F58B195388D20070C39A /* Products */,
				0C340ED377C12C42F969B43D /* Pods */,
			);
			sourceTree = "<group>";
		};
		6003F58B195388D20070C39A /* Products */ = {
			isa = PBXGroup;
			children = (
				6003F58A195388D20070C39A /* LYFactAppCommon_Example.app */,
			);
			name = Products;
			sourceTree = "<group>";
		};
		6003F58C195388D20070C39A /* Frameworks */ = {
			isa = PBXGroup;
			children = (
				6003F58D195388D20070C39A /* Foundation.framework */,
				6003F58F195388D20070C39A /* CoreGraphics.framework */,
				6003F591195388D20070C39A /* UIKit.framework */,
				3EFC8A72853ED6226945FF11 /* Pods_LYFactAppCommon_Example.framework */,
			);
			name = Frameworks;
			sourceTree = "<group>";
		};
		6003F593195388D20070C39A /* Example for LYFactAppCommon */ = {
			isa = PBXGroup;
			children = (
				FCB8AE9B2701E3CC00995B08 /* _scene */,
				6003F5A8195388D20070C39A /* Images.xcassets */,
				71719F9D1E33DC2100824A3D /* LaunchScreen.storyboard */,
				6003F59C195388D20070C39A /* LYAppDelegate.h */,
				6003F59D195388D20070C39A /* LYAppDelegate.m */,
				6003F594195388D20070C39A /* Supporting Files */,
			);
			name = "Example for LYFactAppCommon";
			path = LYFactAppCommon;
			sourceTree = "<group>";
		};
		6003F594195388D20070C39A /* Supporting Files */ = {
			isa = PBXGroup;
			children = (
				6003F595195388D20070C39A /* LYFactAppCommon-Info.plist */,
				6003F596195388D20070C39A /* InfoPlist.strings */,
				6003F599195388D20070C39A /* main.m */,
				6003F59B195388D20070C39A /* LYFactAppCommon-Prefix.pch */,
			);
			name = "Supporting Files";
			sourceTree = "<group>";
		};
		60FF7A9C1954A5C5007DD14C /* Podspec Metadata */ = {
			isa = PBXGroup;
			children = (
				AEBBFCDC2D89CB1920089621 /* LYFactAppCommon.podspec */,
				56166E1C838E58EE73C7557D /* README.md */,
				6418149BA32F211A4097EB3C /* LICENSE */,
			);
			name = "Podspec Metadata";
			sourceTree = "<group>";
		};
		89A25D992775680000151446 /* views */ = {
			isa = PBXGroup;
			children = (
				89A25D9A2775681900151446 /* LightShowNavVC.h */,
				89A25D9B2775681900151446 /* LightShowNavVC.m */,
				89A25D9D2775683900151446 /* LightHiddenVC.h */,
				89A25D9E2775683900151446 /* LightHiddenVC.m */,
				89A25DA02775686000151446 /* DarkHiddenVC.h */,
				89A25DA12775686000151446 /* DarkHiddenVC.m */,
				89A25DA32775687700151446 /* DarkShowNavVC.h */,
				89A25DA42775687700151446 /* DarkShowNavVC.m */,
			);
			path = views;
			sourceTree = "<group>";
		};
		FCB8AE9B2701E3CC00995B08 /* _scene */ = {
			isa = PBXGroup;
			children = (
				FCB8AE9C2701E3CC00995B08 /* collection */,
				FCB8AE9F2701E3CC00995B08 /* first */,
				89A25D992775680000151446 /* views */,
				FCB8AEA22701E3CC00995B08 /* table */,
			);
			path = _scene;
			sourceTree = "<group>";
		};
		FCB8AE9C2701E3CC00995B08 /* collection */ = {
			isa = PBXGroup;
			children = (
				FCB8AE9E2701E3CC00995B08 /* LYCollectViewController.h */,
				FCB8AE9D2701E3CC00995B08 /* LYCollectViewController.m */,
			);
			path = collection;
			sourceTree = "<group>";
		};
		FCB8AE9F2701E3CC00995B08 /* first */ = {
			isa = PBXGroup;
			children = (
				FCB8AEA02701E3CC00995B08 /* LYViewController.h */,
				FCB8AEA12701E3CC00995B08 /* LYViewController.m */,
				89A25D942775631100151446 /* MainViewController.h */,
				89A25D952775631100151446 /* MainViewController.m */,
				89A25D962775631100151446 /* MainViewController.xib */,
			);
			path = first;
			sourceTree = "<group>";
		};
		FCB8AEA22701E3CC00995B08 /* table */ = {
			isa = PBXGroup;
			children = (
				FCB8AEA42701E3CC00995B08 /* LYTableViewController.h */,
				FCB8AEA32701E3CC00995B08 /* LYTableViewController.m */,
			);
			path = table;
			sourceTree = "<group>";
		};
/* End PBXGroup section */

/* Begin PBXNativeTarget section */
		6003F589195388D20070C39A /* LYFactAppCommon_Example */ = {
			isa = PBXNativeTarget;
			buildConfigurationList = 6003F5BF195388D20070C39A /* Build configuration list for PBXNativeTarget "LYFactAppCommon_Example" */;
			buildPhases = (
				39D1D1C8CD5D582895AE6A2B /* [CP] Check Pods Manifest.lock */,
				6003F586195388D20070C39A /* Sources */,
				6003F587195388D20070C39A /* Frameworks */,
				6003F588195388D20070C39A /* Resources */,
				58E465BE32161658604B8620 /* [CP] Embed Pods Frameworks */,
			);
			buildRules = (
			);
			dependencies = (
			);
			name = LYFactAppCommon_Example;
			productName = LYFactAppCommon;
			productReference = 6003F58A195388D20070C39A /* LYFactAppCommon_Example.app */;
			productType = "com.apple.product-type.application";
		};
/* End PBXNativeTarget section */

/* Begin PBXProject section */
		6003F582195388D10070C39A /* Project object */ = {
			isa = PBXProject;
			attributes = {
				CLASSPREFIX = LY;
				LastUpgradeCheck = 0720;
				ORGANIZATIONNAME = blodely;
				TargetAttributes = {
					6003F589195388D20070C39A = {
						DevelopmentTeam = K9CJPHW4CP;
					};
				};
			};
			buildConfigurationList = 6003F585195388D10070C39A /* Build configuration list for PBXProject "LYFactAppCommon" */;
			compatibilityVersion = "Xcode 3.2";
			developmentRegion = English;
			hasScannedForEncodings = 0;
			knownRegions = (
				English,
				en,
				Base,
			);
			mainGroup = 6003F581195388D10070C39A;
			productRefGroup = 6003F58B195388D20070C39A /* Products */;
			projectDirPath = "";
			projectRoot = "";
			targets = (
				6003F589195388D20070C39A /* LYFactAppCommon_Example */,
			);
		};
/* End PBXProject section */

/* Begin PBXResourcesBuildPhase section */
		6003F588195388D20070C39A /* Resources */ = {
			isa = PBXResourcesBuildPhase;
			buildActionMask = 2147483647;
			files = (
				71719F9F1E33DC2100824A3D /* LaunchScreen.storyboard in Resources */,
				6003F5A9195388D20070C39A /* Images.xcassets in Resources */,
				6003F598195388D20070C39A /* InfoPlist.strings in Resources */,
				89A25D982775631100151446 /* MainViewController.xib in Resources */,
			);
			runOnlyForDeploymentPostprocessing = 0;
		};
/* End PBXResourcesBuildPhase section */

/* Begin PBXShellScriptBuildPhase section */
		39D1D1C8CD5D582895AE6A2B /* [CP] Check Pods Manifest.lock */ = {
			isa = PBXShellScriptBuildPhase;
			buildActionMask = 2147483647;
			files = (
			);
			inputFileListPaths = (
			);
			inputPaths = (
				"${PODS_PODFILE_DIR_PATH}/Podfile.lock",
				"${PODS_ROOT}/Manifest.lock",
			);
			name = "[CP] Check Pods Manifest.lock";
			outputFileListPaths = (
			);
			outputPaths = (
				"$(DERIVED_FILE_DIR)/Pods-LYFactAppCommon_Example-checkManifestLockResult.txt",
			);
			runOnlyForDeploymentPostprocessing = 0;
			shellPath = /bin/sh;
			shellScript = "diff \"${PODS_PODFILE_DIR_PATH}/Podfile.lock\" \"${PODS_ROOT}/Manifest.lock\" > /dev/null\nif [ $? != 0 ] ; then\n    # print error to STDERR\n    echo \"error: The sandbox is not in sync with the Podfile.lock. Run 'pod install' or update your CocoaPods installation.\" >&2\n    exit 1\nfi\n# This output is used by Xcode 'outputs' to avoid re-running this script phase.\necho \"SUCCESS\" > \"${SCRIPT_OUTPUT_FILE_0}\"\n";
			showEnvVarsInLog = 0;
		};
		58E465BE32161658604B8620 /* [CP] Embed Pods Frameworks */ = {
			isa = PBXShellScriptBuildPhase;
			buildActionMask = 2147483647;
			files = (
			);
			inputPaths = (
				"${PODS_ROOT}/Target Support Files/Pods-LYFactAppCommon_Example/Pods-LYFactAppCommon_Example-frameworks.sh",
				"${BUILT_PRODUCTS_DIR}/AFNetworking/AFNetworking.framework",
				"${BUILT_PRODUCTS_DIR}/FCUUID/FCUUID.framework",
				"${BUILT_PRODUCTS_DIR}/JLRoutes/JLRoutes.framework",
				"${BUILT_PRODUCTS_DIR}/LYCategory/LYCategory.framework",
				"${BUILT_PRODUCTS_DIR}/LYFactAppCommon/LYFactAppCommon.framework",
				"${BUILT_PRODUCTS_DIR}/UICKeyChainStore/UICKeyChainStore.framework",
			);
			name = "[CP] Embed Pods Frameworks";
			outputPaths = (
				"${TARGET_BUILD_DIR}/${FRAMEWORKS_FOLDER_PATH}/AFNetworking.framework",
				"${TARGET_BUILD_DIR}/${FRAMEWORKS_FOLDER_PATH}/FCUUID.framework",
				"${TARGET_BUILD_DIR}/${FRAMEWORKS_FOLDER_PATH}/JLRoutes.framework",
				"${TARGET_BUILD_DIR}/${FRAMEWORKS_FOLDER_PATH}/LYCategory.framework",
				"${TARGET_BUILD_DIR}/${FRAMEWORKS_FOLDER_PATH}/LYFactAppCommon.framework",
				"${TARGET_BUILD_DIR}/${FRAMEWORKS_FOLDER_PATH}/UICKeyChainStore.framework",
			);
			runOnlyForDeploymentPostprocessing = 0;
			shellPath = /bin/sh;
			shellScript = "\"${PODS_ROOT}/Target Support Files/Pods-LYFactAppCommon_Example/Pods-LYFactAppCommon_Example-frameworks.sh\"\n";
			showEnvVarsInLog = 0;
		};
/* End PBXShellScriptBuildPhase section */

/* Begin PBXSourcesBuildPhase section */
		6003F586195388D20070C39A /* Sources */ = {
			isa = PBXSourcesBuildPhase;
			buildActionMask = 2147483647;
			files = (
				6003F59E195388D20070C39A /* LYAppDelegate.m in Sources */,
				89A25D972775631100151446 /* MainViewController.m in Sources */,
				FCB8AEA62701E3CC00995B08 /* LYViewController.m in Sources */,
				89A25D9C2775681900151446 /* LightShowNavVC.m in Sources */,
				FCB8AEA52701E3CC00995B08 /* LYCollectViewController.m in Sources */,
				FCB8AEA72701E3CC00995B08 /* LYTableViewController.m in Sources */,
				6003F59A195388D20070C39A /* main.m in Sources */,
				89A25DA52775687700151446 /* DarkShowNavVC.m in Sources */,
				89A25DA22775686000151446 /* DarkHiddenVC.m in Sources */,
				89A25D9F2775683900151446 /* LightHiddenVC.m in Sources */,
			);
			runOnlyForDeploymentPostprocessing = 0;
		};
/* End PBXSourcesBuildPhase section */

/* Begin PBXVariantGroup section */
		6003F596195388D20070C39A /* InfoPlist.strings */ = {
			isa = PBXVariantGroup;
			children = (
				6003F597195388D20070C39A /* en */,
			);
			name = InfoPlist.strings;
			sourceTree = "<group>";
		};
		71719F9D1E33DC2100824A3D /* LaunchScreen.storyboard */ = {
			isa = PBXVariantGroup;
			children = (
				71719F9E1E33DC2100824A3D /* Base */,
			);
			name = LaunchScreen.storyboard;
			sourceTree = "<group>";
		};
/* End PBXVariantGroup section */

/* Begin XCBuildConfiguration section */
		6003F5BD195388D20070C39A /* Debug */ = {
			isa = XCBuildConfiguration;
			buildSettings = {
				ALWAYS_SEARCH_USER_PATHS = NO;
				CLANG_CXX_LANGUAGE_STANDARD = "gnu++0x";
				CLANG_CXX_LIBRARY = "libc++";
				CLANG_ENABLE_MODULES = YES;
				CLANG_ENABLE_OBJC_ARC = YES;
				CLANG_WARN_BOOL_CONVERSION = YES;
				CLANG_WARN_CONSTANT_CONVERSION = YES;
				CLANG_WARN_DIRECT_OBJC_ISA_USAGE = YES_ERROR;
				CLANG_WARN_EMPTY_BODY = YES;
				CLANG_WARN_ENUM_CONVERSION = YES;
				CLANG_WARN_INT_CONVERSION = YES;
				CLANG_WARN_OBJC_ROOT_CLASS = YES_ERROR;
				CLANG_WARN__DUPLICATE_METHOD_MATCH = YES;
				"CODE_SIGN_IDENTITY[sdk=iphoneos*]" = "iPhone Developer";
				COPY_PHASE_STRIP = NO;
				ENABLE_TESTABILITY = YES;
				GCC_C_LANGUAGE_STANDARD = gnu99;
				GCC_DYNAMIC_NO_PIC = NO;
				GCC_OPTIMIZATION_LEVEL = 0;
				GCC_PREPROCESSOR_DEFINITIONS = (
					"DEBUG=1",
					"$(inherited)",
				);
				GCC_SYMBOLS_PRIVATE_EXTERN = NO;
				GCC_WARN_64_TO_32_BIT_CONVERSION = YES;
				GCC_WARN_ABOUT_RETURN_TYPE = YES_ERROR;
				GCC_WARN_UNDECLARED_SELECTOR = YES;
				GCC_WARN_UNINITIALIZED_AUTOS = YES_AGGRESSIVE;
				GCC_WARN_UNUSED_FUNCTION = YES;
				GCC_WARN_UNUSED_VARIABLE = YES;
				IPHONEOS_DEPLOYMENT_TARGET = 11.0;
				ONLY_ACTIVE_ARCH = YES;
				SDKROOT = iphoneos;
				TARGETED_DEVICE_FAMILY = "1,2";
			};
			name = Debug;
		};
		6003F5BE195388D20070C39A /* Release */ = {
			isa = XCBuildConfiguration;
			buildSettings = {
				ALWAYS_SEARCH_USER_PATHS = NO;
				CLANG_CXX_LANGUAGE_STANDARD = "gnu++0x";
				CLANG_CXX_LIBRARY = "libc++";
				CLANG_ENABLE_MODULES = YES;
				CLANG_ENABLE_OBJC_ARC = YES;
				CLANG_WARN_BOOL_CONVERSION = YES;
				CLANG_WARN_CONSTANT_CONVERSION = YES;
				CLANG_WARN_DIRECT_OBJC_ISA_USAGE = YES_ERROR;
				CLANG_WARN_EMPTY_BODY = YES;
				CLANG_WARN_ENUM_CONVERSION = YES;
				CLANG_WARN_INT_CONVERSION = YES;
				CLANG_WARN_OBJC_ROOT_CLASS = YES_ERROR;
				CLANG_WARN__DUPLICATE_METHOD_MATCH = YES;
				"CODE_SIGN_IDENTITY[sdk=iphoneos*]" = "iPhone Developer";
				COPY_PHASE_STRIP = YES;
				ENABLE_NS_ASSERTIONS = NO;
				GCC_C_LANGUAGE_STANDARD = gnu99;
				GCC_WARN_64_TO_32_BIT_CONVERSION = YES;
				GCC_WARN_ABOUT_RETURN_TYPE = YES_ERROR;
				GCC_WARN_UNDECLARED_SELECTOR = YES;
				GCC_WARN_UNINITIALIZED_AUTOS = YES_AGGRESSIVE;
				GCC_WARN_UNUSED_FUNCTION = YES;
				GCC_WARN_UNUSED_VARIABLE = YES;
				IPHONEOS_DEPLOYMENT_TARGET = 11.0;
				SDKROOT = iphoneos;
				TARGETED_DEVICE_FAMILY = "1,2";
				VALIDATE_PRODUCT = YES;
			};
			name = Release;
		};
		6003F5C0195388D20070C39A /* Debug */ = {
			isa = XCBuildConfiguration;
			baseConfigurationReference = 70B72525A47B7500FDF791BC /* Pods-LYFactAppCommon_Example.debug.xcconfig */;
			buildSettings = {
				ASSETCATALOG_COMPILER_APPICON_NAME = AppIcon;
				DEVELOPMENT_TEAM = K9CJPHW4CP;
				GCC_PRECOMPILE_PREFIX_HEADER = YES;
				GCC_PREFIX_HEADER = "LYFactAppCommon/LYFactAppCommon-Prefix.pch";
				INFOPLIST_FILE = "LYFactAppCommon/LYFactAppCommon-Info.plist";
				MODULE_NAME = ExampleApp;
				PRODUCT_BUNDLE_IDENTIFIER = "org.cocoapods.demo.${PRODUCT_NAME:rfc1034identifier}";
				PRODUCT_NAME = "$(TARGET_NAME)";
				WRAPPER_EXTENSION = app;
			};
			name = Debug;
		};
		6003F5C1195388D20070C39A /* Release */ = {
			isa = XCBuildConfiguration;
			baseConfigurationReference = D6F76956D4513500FB7965B0 /* Pods-LYFactAppCommon_Example.release.xcconfig */;
			buildSettings = {
				ASSETCATALOG_COMPILER_APPICON_NAME = AppIcon;
				DEVELOPMENT_TEAM = K9CJPHW4CP;
				GCC_PRECOMPILE_PREFIX_HEADER = YES;
				GCC_PREFIX_HEADER = "LYFactAppCommon/LYFactAppCommon-Prefix.pch";
				INFOPLIST_FILE = "LYFactAppCommon/LYFactAppCommon-Info.plist";
				MODULE_NAME = ExampleApp;
				PRODUCT_BUNDLE_IDENTIFIER = "org.cocoapods.demo.${PRODUCT_NAME:rfc1034identifier}";
				PRODUCT_NAME = "$(TARGET_NAME)";
				WRAPPER_EXTENSION = app;
			};
			name = Release;
		};
/* End XCBuildConfiguration section */

/* Begin XCConfigurationList section */
		6003F585195388D10070C39A /* Build configuration list for PBXProject "LYFactAppCommon" */ = {
			isa = XCConfigurationList;
			buildConfigurations = (
				6003F5BD195388D20070C39A /* Debug */,
				6003F5BE195388D20070C39A /* Release */,
			);
			defaultConfigurationIsVisible = 0;
			defaultConfigurationName = Release;
		};
		6003F5BF195388D20070C39A /* Build configuration list for PBXNativeTarget "LYFactAppCommon_Example" */ = {
			isa = XCConfigurationList;
			buildConfigurations = (
				6003F5C0195388D20070C39A /* Debug */,
				6003F5C1195388D20070C39A /* Release */,
			);
			defaultConfigurationIsVisible = 0;
			defaultConfigurationName = Release;
		};
/* End XCConfigurationList section */
	};
	rootObject = 6003F582195388D10070C39A /* Project object */;
}
